<Solution>
  <Folder Name="/src/" />
  <Folder Name="/tests/" />
  <Project Path="src/DotnetInspect.Cli/DotnetInspect.Cli.csproj" />
  <Project Path="src/DotnetInspect.Core/DotnetInspect.Core.csproj" />
  <Project Path="src/DotnetInspect.NuGet/DotnetInspect.NuGet.csproj" />
  <Project Path="tests/DotnetInspect.IntegrationTests/DotnetInspect.IntegrationTests.csproj" />
  <Project Path="tests/DotnetInspect.UnitTests/DotnetInspect.UnitTests.csproj" />
</Solution>
